
Microsoft Visual Studio Solution File, Format Version 12.00
# Visual Studio 2013
VisualStudioVersion = 12.0.21005.1
MinimumVisualStudioVersion = 10.0.40219.1
Project("{FAE04EC0-301F-11D3-BF4B-00C04F79EFBC}") = "TEST1_", "TEST1_\TEST1_.csproj", "{C96B55B8-0A5E-4435-BA6A-95E82786CCA2}"
EndProject
Project("{FAE04EC0-301F-11D3-BF4B-00C04F79EFBC}") = "Rubenhak.Common.WPF", "Rubenhak.Common.WPF\Rubenhak.Common.WPF.csproj", "{11928FE7-3DD0-4AC5-B9DD-69EDFC763915}"
EndProject
Global
	GlobalSection(SolutionConfigurationPlatforms) = preSolution
		Debug|Any CPU = Debug|Any CPU
		Release|Any CPU = Release|Any CPU
	EndGlobalSection
	GlobalSection(ProjectConfigurationPlatforms) = postSolution
		{C96B55B8-0A5E-4435-BA6A-95E82786CCA2}.Debug|Any CPU.ActiveCfg = Debug|Any CPU
		{C96B55B8-0A5E-4435-BA6A-95E82786CCA2}.Debug|Any CPU.Build.0 = Debug|Any CPU
		{C96B55B8-0A5E-4435-BA6A-95E82786CCA2}.Release|Any CPU.ActiveCfg = Release|Any CPU
		{C96B55B8-0A5E-4435-BA6A-95E82786CCA2}.Release|Any CPU.Build.0 = Release|Any CPU
		{11928FE7-3DD0-4AC5-B9DD-69EDFC763915}.Debug|Any CPU.ActiveCfg = Debug|Any CPU
		{11928FE7-3DD0-4AC5-B9DD-69EDFC763915}.Debug|Any CPU.Build.0 = Debug|Any CPU
		{11928FE7-3DD0-4AC5-B9DD-69EDFC763915}.Release|Any CPU.ActiveCfg = Release|Any CPU
		{11928FE7-3DD0-4AC5-B9DD-69EDFC763915}.Release|Any CPU.Build.0 = Release|Any CPU
	EndGlobalSection
	GlobalSection(SolutionProperties) = preSolution
		HideSolutionNode = FALSE
	EndGlobalSection
EndGlobal
